
Microsoft Visual Studio Solution File, Format Version 12.00
# Visual Studio Version 16
VisualStudioVersion = 16.0.29215.179
MinimumVisualStudioVersion = 10.0.40219.1
Project("{F184B08F-C81C-45F6-A57F-5ABD9991F28F}") = "Asg 1-5", "Asg 1-5.vbproj", "{71D89B0B-BCEC-4792-BB5D-2365123F4859}"
EndProject
Global
	GlobalSection(SolutionConfigurationPlatforms) = preSolution
		Debug|Any CPU = Debug|Any CPU
		Release|Any CPU = Release|Any CPU
	EndGlobalSection
	GlobalSection(ProjectConfigurationPlatforms) = postSolution
		{71D89B0B-BCEC-4792-BB5D-2365123F4859}.Debug|Any CPU.ActiveCfg = Debug|Any CPU
		{71D89B0B-BCEC-4792-BB5D-2365123F4859}.Debug|Any CPU.Build.0 = Debug|Any CPU
		{71D89B0B-BCEC-4792-BB5D-2365123F4859}.Release|Any CPU.ActiveCfg = Release|Any CPU
		{71D89B0B-BCEC-4792-BB5D-2365123F4859}.Release|Any CPU.Build.0 = Release|Any CPU
	EndGlobalSection
	GlobalSection(SolutionProperties) = preSolution
		HideSolutionNode = FALSE
	EndGlobalSection
	GlobalSection(ExtensibilityGlobals) = postSolution
		SolutionGuid = {496790C9-7C87-42A6-9D8B-209FFF7DF312}
	EndGlobalSection
EndGlobal
