
Microsoft Visual Studio Solution File, Format Version 12.00
# Visual Studio Version 16
VisualStudioVersion = 16.0.29418.71
MinimumVisualStudioVersion = 10.0.40219.1
Project("{F184B08F-C81C-45F6-A57F-5ABD9991F28F}") = "Asg 4-6", "Asg 4-6.vbproj", "{2DFAD448-19C9-43C3-9B84-41D3856469F3}"
EndProject
Global
	GlobalSection(SolutionConfigurationPlatforms) = preSolution
		Debug|Any CPU = Debug|Any CPU
		Release|Any CPU = Release|Any CPU
	EndGlobalSection
	GlobalSection(ProjectConfigurationPlatforms) = postSolution
		{2DFAD448-19C9-43C3-9B84-41D3856469F3}.Debug|Any CPU.ActiveCfg = Debug|Any CPU
		{2DFAD448-19C9-43C3-9B84-41D3856469F3}.Debug|Any CPU.Build.0 = Debug|Any CPU
		{2DFAD448-19C9-43C3-9B84-41D3856469F3}.Release|Any CPU.ActiveCfg = Release|Any CPU
		{2DFAD448-19C9-43C3-9B84-41D3856469F3}.Release|Any CPU.Build.0 = Release|Any CPU
	EndGlobalSection
	GlobalSection(SolutionProperties) = preSolution
		HideSolutionNode = FALSE
	EndGlobalSection
	GlobalSection(ExtensibilityGlobals) = postSolution
		SolutionGuid = {8779C62B-E5C1-4F1D-9BBC-AC18795B6A39}
	EndGlobalSection
EndGlobal
